
Microsoft Visual Studio Solution File, Format Version 12.00
# Visual Studio Version 17
VisualStudioVersion = 17.5.33530.505
MinimumVisualStudioVersion = 10.0.40219.1
Project("{FAE04EC0-301F-11D3-BF4B-00C04F79EFBC}") = "MealPlanner", "MealPlanner.csproj", "{64BDCCC2-C4A4-47D6-8E88-6466AF145717}"
EndProject
Global
	GlobalSection(SolutionConfigurationPlatforms) = preSolution
		Debug|Any CPU = Debug|Any CPU
		Release|Any CPU = Release|Any CPU
	EndGlobalSection
	GlobalSection(ProjectConfigurationPlatforms) = postSolution
		{64BDCCC2-C4A4-47D6-8E88-6466AF145717}.Debug|Any CPU.ActiveCfg = Debug|Any CPU
		{64BDCCC2-C4A4-47D6-8E88-6466AF145717}.Debug|Any CPU.Build.0 = Debug|Any CPU
		{64BDCCC2-C4A4-47D6-8E88-6466AF145717}.Release|Any CPU.ActiveCfg = Release|Any CPU
		{64BDCCC2-C4A4-47D6-8E88-6466AF145717}.Release|Any CPU.Build.0 = Release|Any CPU
	EndGlobalSection
	GlobalSection(SolutionProperties) = preSolution
		HideSolutionNode = FALSE
	EndGlobalSection
	GlobalSection(ExtensibilityGlobals) = postSolution
		SolutionGuid = {83F6A91F-6319-49B8-B497-D3FAE9632611}
	EndGlobalSection
EndGlobal
